// !$*UTF8*$!
{
	archiveVersion = 1;
	classes = {
	};
	objectVersion = 56;
	objects = {

/* Begin PBXBuildFile section */
		FE3CDCCD2AACB953003CDFD8 /* Functions.swift in Sources */ = {isa = PBXBuildFile; fileRef = FE3CDCCC2AACB953003CDFD8 /* Functions.swift */; };
		FE3D1C912B4B23AF0005E41F /* MapViewController.swift in Sources */ = {isa = PBXBuildFile; fileRef = FE3D1C902B4B23AF0005E41F /* MapViewController.swift */; };
		FE4318302A8287F6005EDBFB /* LocationDetailsViewController.swift in Sources */ = {isa = PBXBuildFile; fileRef = FE43182F2A8287F6005EDBFB /* LocationDetailsViewController.swift */; };
		FE6C92502A8E344D007A71D4 /* CategoryPickerViewController.swift in Sources */ = {isa = PBXBuildFile; fileRef = FE6C924F2A8E344D007A71D4 /* CategoryPickerViewController.swift */; };
		FEA75D362A973F11001A7DE1 /* HudView.swift in Sources */ = {isa = PBXBuildFile; fileRef = FEA75D352A973F11001A7DE1 /* HudView.swift */; };
		FEB77A3C2AB6E3FE00F6E9A2 /* Location+CoreDataClass.swift in Sources */ = {isa = PBXBuildFile; fileRef = FEB77A3A2AB6E3FE00F6E9A2 /* Location+CoreDataClass.swift */; };
		FEB77A3D2AB6E3FE00F6E9A2 /* Location+CoreDataProperties.swift in Sources */ = {isa = PBXBuildFile; fileRef = FEB77A3B2AB6E3FE00F6E9A2 /* Location+CoreDataProperties.swift */; };
		FEC046812B2CB32000A0EEEC /* LocationCell.swift in Sources */ = {isa = PBXBuildFile; fileRef = FEC046802B2CB32000A0EEEC /* LocationCell.swift */; };
		FED298A12A63C8A200551123 /* AppDelegate.swift in Sources */ = {isa = PBXBuildFile; fileRef = FED298A02A63C8A200551123 /* AppDelegate.swift */; };
		FED298A32A63C8A200551123 /* SceneDelegate.swift in Sources */ = {isa = PBXBuildFile; fileRef = FED298A22A63C8A200551123 /* SceneDelegate.swift */; };
		FED298A52A63C8A200551123 /* CurrentLocationViewController.swift in Sources */ = {isa = PBXBuildFile; fileRef = FED298A42A63C8A200551123 /* CurrentLocationViewController.swift */; };
		FED298A82A63C8A200551123 /* Main.storyboard in Resources */ = {isa = PBXBuildFile; fileRef = FED298A62A63C8A200551123 /* Main.storyboard */; };
		FED298AB2A63C8A200551123 /* MyLocations.xcdatamodeld in Sources */ = {isa = PBXBuildFile; fileRef = FED298A92A63C8A200551123 /* MyLocations.xcdatamodeld */; };
		FED298AD2A63C8A300551123 /* Assets.xcassets in Resources */ = {isa = PBXBuildFile; fileRef = FED298AC2A63C8A300551123 /* Assets.xcassets */; };
		FED298B02A63C8A300551123 /* LaunchScreen.storyboard in Resources */ = {isa = PBXBuildFile; fileRef = FED298AE2A63C8A300551123 /* LaunchScreen.storyboard */; };
		FEF698E42B220564003281F2 /* LocationsViewController.swift in Sources */ = {isa = PBXBuildFile; fileRef = FEF698E32B220564003281F2 /* LocationsViewController.swift */; };
/* End PBXBuildFile section */

/* Begin PBXFileReference section */
		FE3CDCCC2AACB953003CDFD8 /* Functions.swift */ = {isa = PBXFileReference; lastKnownFileType = sourcecode.swift; path = Functions.swift; sourceTree = "<group>"; };
		FE3D1C902B4B23AF0005E41F /* MapViewController.swift */ = {isa = PBXFileReference; lastKnownFileType = sourcecode.swift; path = MapViewController.swift; sourceTree = "<group>"; };
		FE43182F2A8287F6005EDBFB /* LocationDetailsViewController.swift */ = {isa = PBXFileReference; lastKnownFileType = sourcecode.swift; path = LocationDetailsViewController.swift; sourceTree = "<group>"; };
		FE6C924F2A8E344D007A71D4 /* CategoryPickerViewController.swift */ = {isa = PBXFileReference; lastKnownFileType = sourcecode.swift; path = CategoryPickerViewController.swift; sourceTree = "<group>"; };
		FEA75D352A973F11001A7DE1 /* HudView.swift */ = {isa = PBXFileReference; lastKnownFileType = sourcecode.swift; path = HudView.swift; sourceTree = "<group>"; };
		FEB77A3A2AB6E3FE00F6E9A2 /* Location+CoreDataClass.swift */ = {isa = PBXFileReference; lastKnownFileType = sourcecode.swift; path = "Location+CoreDataClass.swift"; sourceTree = "<group>"; };
		FEB77A3B2AB6E3FE00F6E9A2 /* Location+CoreDataProperties.swift */ = {isa = PBXFileReference; lastKnownFileType = sourcecode.swift; path = "Location+CoreDataProperties.swift"; sourceTree = "<group>"; };
		FEC046802B2CB32000A0EEEC /* LocationCell.swift */ = {isa = PBXFileReference; lastKnownFileType = sourcecode.swift; path = LocationCell.swift; sourceTree = "<group>"; };
		FED2989D2A63C8A200551123 /* MyLocations.app */ = {isa = PBXFileReference; explicitFileType = wrapper.application; includeInIndex = 0; path = MyLocations.app; sourceTree = BUILT_PRODUCTS_DIR; };
		FED298A02A63C8A200551123 /* AppDelegate.swift */ = {isa = PBXFileReference; lastKnownFileType = sourcecode.swift; path = AppDelegate.swift; sourceTree = "<group>"; };
		FED298A22A63C8A200551123 /* SceneDelegate.swift */ = {isa = PBXFileReference; lastKnownFileType = sourcecode.swift; path = SceneDelegate.swift; sourceTree = "<group>"; };
		FED298A42A63C8A200551123 /* CurrentLocationViewController.swift */ = {isa = PBXFileReference; lastKnownFileType = sourcecode.swift; path = CurrentLocationViewController.swift; sourceTree = "<group>"; };
		FED298A72A63C8A200551123 /* Base */ = {isa = PBXFileReference; lastKnownFileType = file.storyboard; name = Base; path = Base.lproj/Main.storyboard; sourceTree = "<group>"; };
		FED298AA2A63C8A200551123 /* MyLocations.xcdatamodel */ = {isa = PBXFileReference; lastKnownFileType = wrapper.xcdatamodel; path = MyLocations.xcdatamodel; sourceTree = "<group>"; };
		FED298AC2A63C8A300551123 /* Assets.xcassets */ = {isa = PBXFileReference; lastKnownFileType = folder.assetcatalog; path = Assets.xcassets; sourceTree = "<group>"; };
		FED298AF2A63C8A300551123 /* Base */ = {isa = PBXFileReference; lastKnownFileType = file.storyboard; name = Base; path = Base.lproj/LaunchScreen.storyboard; sourceTree = "<group>"; };
		FED298B12A63C8A300551123 /* Info.plist */ = {isa = PBXFileReference; lastKnownFileType = text.plist.xml; path = Info.plist; sourceTree = "<group>"; };
		FEF698E32B220564003281F2 /* LocationsViewController.swift */ = {isa = PBXFileReference; lastKnownFileType = sourcecode.swift; path = LocationsViewController.swift; sourceTree = "<group>"; };
/* End PBXFileReference section */

/* Begin PBXFrameworksBuildPhase section */
		FED2989A2A63C8A200551123 /* Frameworks */ = {
			isa = PBXFrameworksBuildPhase;
			buildActionMask = 2147483647;
			files = (
			);
			runOnlyForDeploymentPostprocessing = 0;
		};
/* End PBXFrameworksBuildPhase section */

/* Begin PBXGroup section */
		FED298942A63C8A200551123 = {
			isa = PBXGroup;
			children = (
				FEB77A3A2AB6E3FE00F6E9A2 /* Location+CoreDataClass.swift */,
				FEB77A3B2AB6E3FE00F6E9A2 /* Location+CoreDataProperties.swift */,
				FED2989F2A63C8A200551123 /* MyLocations */,
				FED2989E2A63C8A200551123 /* Products */,
			);
			sourceTree = "<group>";
		};
		FED2989E2A63C8A200551123 /* Products */ = {
			isa = PBXGroup;
			children = (
				FED2989D2A63C8A200551123 /* MyLocations.app */,
			);
			name = Products;
			sourceTree = "<group>";
		};
		FED2989F2A63C8A200551123 /* MyLocations */ = {
			isa = PBXGroup;
			children = (
				FED298A02A63C8A200551123 /* AppDelegate.swift */,
				FED298AC2A63C8A300551123 /* Assets.xcassets */,
				FE6C924F2A8E344D007A71D4 /* CategoryPickerViewController.swift */,
				FED298A42A63C8A200551123 /* CurrentLocationViewController.swift */,
				FE3CDCCC2AACB953003CDFD8 /* Functions.swift */,
				FEA75D352A973F11001A7DE1 /* HudView.swift */,
				FED298B12A63C8A300551123 /* Info.plist */,
				FED298AE2A63C8A300551123 /* LaunchScreen.storyboard */,
				FE43182F2A8287F6005EDBFB /* LocationDetailsViewController.swift */,
				FED298A62A63C8A200551123 /* Main.storyboard */,
				FED298A92A63C8A200551123 /* MyLocations.xcdatamodeld */,
				FED298A22A63C8A200551123 /* SceneDelegate.swift */,
				FEC046802B2CB32000A0EEEC /* LocationCell.swift */,
				FE3D1C902B4B23AF0005E41F /* MapViewController.swift */,
				FEF698E32B220564003281F2 /* LocationsViewController.swift */,
			);
			path = MyLocations;
			sourceTree = "<group>";
		};
/* End PBXGroup section */

/* Begin PBXNativeTarget section */
		FED2989C2A63C8A200551123 /* MyLocations */ = {
			isa = PBXNativeTarget;
			buildConfigurationList = FED298B42A63C8A300551123 /* Build configuration list for PBXNativeTarget "MyLocations" */;
			buildPhases = (
				FED298992A63C8A200551123 /* Sources */,
				FED2989A2A63C8A200551123 /* Frameworks */,
				FED2989B2A63C8A200551123 /* Resources */,
			);
			buildRules = (
			);
			dependencies = (
			);
			name = MyLocations;
			productName = MyLocations;
			productReference = FED2989D2A63C8A200551123 /* MyLocations.app */;
			productType = "com.apple.product-type.application";
		};
/* End PBXNativeTarget section */

/* Begin PBXProject section */
		FED298952A63C8A200551123 /* Project object */ = {
			isa = PBXProject;
			attributes = {
				BuildIndependentTargetsInParallel = 1;
				LastSwiftUpdateCheck = 1400;
				LastUpgradeCheck = 1400;
				TargetAttributes = {
					FED2989C2A63C8A200551123 = {
						CreatedOnToolsVersion = 14.0;
					};
				};
			};
			buildConfigurationList = FED298982A63C8A200551123 /* Build configuration list for PBXProject "MyLocations" */;
			compatibilityVersion = "Xcode 14.0";
			developmentRegion = en;
			hasScannedForEncodings = 0;
			knownRegions = (
				en,
				Base,
			);
			mainGroup = FED298942A63C8A200551123;
			productRefGroup = FED2989E2A63C8A200551123 /* Products */;
			projectDirPath = "";
			projectRoot = "";
			targets = (
				FED2989C2A63C8A200551123 /* MyLocations */,
			);
		};
/* End PBXProject section */

/* Begin PBXResourcesBuildPhase section */
		FED2989B2A63C8A200551123 /* Resources */ = {
			isa = PBXResourcesBuildPhase;
			buildActionMask = 2147483647;
			files = (
				FED298B02A63C8A300551123 /* LaunchScreen.storyboard in Resources */,
				FED298AD2A63C8A300551123 /* Assets.xcassets in Resources */,
				FED298A82A63C8A200551123 /* Main.storyboard in Resources */,
			);
			runOnlyForDeploymentPostprocessing = 0;
		};
/* End PBXResourcesBuildPhase section */

/* Begin PBXSourcesBuildPhase section */
		FED298992A63C8A200551123 /* Sources */ = {
			isa = PBXSourcesBuildPhase;
			buildActionMask = 2147483647;
			files = (
				FE6C92502A8E344D007A71D4 /* CategoryPickerViewController.swift in Sources */,
				FED298A52A63C8A200551123 /* CurrentLocationViewController.swift in Sources */,
				FED298A12A63C8A200551123 /* AppDelegate.swift in Sources */,
				FE3CDCCD2AACB953003CDFD8 /* Functions.swift in Sources */,
				FEF698E42B220564003281F2 /* LocationsViewController.swift in Sources */,
				FEB77A3D2AB6E3FE00F6E9A2 /* Location+CoreDataProperties.swift in Sources */,
				FE3D1C912B4B23AF0005E41F /* MapViewController.swift in Sources */,
				FEC046812B2CB32000A0EEEC /* LocationCell.swift in Sources */,
				FED298AB2A63C8A200551123 /* MyLocations.xcdatamodeld in Sources */,
				FED298A32A63C8A200551123 /* SceneDelegate.swift in Sources */,
				FEB77A3C2AB6E3FE00F6E9A2 /* Location+CoreDataClass.swift in Sources */,
				FEA75D362A973F11001A7DE1 /* HudView.swift in Sources */,
				FE4318302A8287F6005EDBFB /* LocationDetailsViewController.swift in Sources */,
			);
			runOnlyForDeploymentPostprocessing = 0;
		};
/* End PBXSourcesBuildPhase section */

/* Begin PBXVariantGroup section */
		FED298A62A63C8A200551123 /* Main.storyboard */ = {
			isa = PBXVariantGroup;
			children = (
				FED298A72A63C8A200551123 /* Base */,
			);
			name = Main.storyboard;
			sourceTree = "<group>";
		};
		FED298AE2A63C8A300551123 /* LaunchScreen.storyboard */ = {
			isa = PBXVariantGroup;
			children = (
				FED298AF2A63C8A300551123 /* Base */,
			);
			name = LaunchScreen.storyboard;
			sourceTree = "<group>";
		};
/* End PBXVariantGroup section */

/* Begin XCBuildConfiguration section */
		FED298B22A63C8A300551123 /* Debug */ = {
			isa = XCBuildConfiguration;
			buildSettings = {
				ALWAYS_SEARCH_USER_PATHS = NO;
				CLANG_ANALYZER_NONNULL = YES;
				CLANG_ANALYZER_NUMBER_OBJECT_CONVERSION = YES_AGGRESSIVE;
				CLANG_CXX_LANGUAGE_STANDARD = "gnu++20";
				CLANG_ENABLE_MODULES = YES;
				CLANG_ENABLE_OBJC_ARC = YES;
				CLANG_ENABLE_OBJC_WEAK = YES;
				CLANG_WARN_BLOCK_CAPTURE_AUTORELEASING = YES;
				CLANG_WARN_BOOL_CONVERSION = YES;
				CLANG_WARN_COMMA = YES;
				CLANG_WARN_CONSTANT_CONVERSION = YES;
				CLANG_WARN_DEPRECATED_OBJC_IMPLEMENTATIONS = YES;
				CLANG_WARN_DIRECT_OBJC_ISA_USAGE = YES_ERROR;
				CLANG_WARN_DOCUMENTATION_COMMENTS = YES;
				CLANG_WARN_EMPTY_BODY = YES;
				CLANG_WARN_ENUM_CONVERSION = YES;
				CLANG_WARN_INFINITE_RECURSION = YES;
				CLANG_WARN_INT_CONVERSION = YES;
				CLANG_WARN_NON_LITERAL_NULL_CONVERSION = YES;
				CLANG_WARN_OBJC_IMPLICIT_RETAIN_SELF = YES;
				CLANG_WARN_OBJC_LITERAL_CONVERSION = YES;
				CLANG_WARN_OBJC_ROOT_CLASS = YES_ERROR;
				CLANG_WARN_QUOTED_INCLUDE_IN_FRAMEWORK_HEADER = YES;
				CLANG_WARN_RANGE_LOOP_ANALYSIS = YES;
				CLANG_WARN_STRICT_PROTOTYPES = YES;
				CLANG_WARN_SUSPICIOUS_MOVE = YES;
				CLANG_WARN_UNGUARDED_AVAILABILITY = YES_AGGRESSIVE;
				CLANG_WARN_UNREACHABLE_CODE = YES;
				CLANG_WARN__DUPLICATE_METHOD_MATCH = YES;
				COPY_PHASE_STRIP = NO;
				DEBUG_INFORMATION_FORMAT = dwarf;
				ENABLE_STRICT_OBJC_MSGSEND = YES;
				ENABLE_TESTABILITY = YES;
				GCC_C_LANGUAGE_STANDARD = gnu11;
				GCC_DYNAMIC_NO_PIC = NO;
				GCC_NO_COMMON_BLOCKS = YES;
				GCC_OPTIMIZATION_LEVEL = 0;
				GCC_PREPROCESSOR_DEFINITIONS = (
					"DEBUG=1",
					"$(inherited)",
				);
				GCC_WARN_64_TO_32_BIT_CONVERSION = YES;
				GCC_WARN_ABOUT_RETURN_TYPE = YES_ERROR;
				GCC_WARN_UNDECLARED_SELECTOR = YES;
				GCC_WARN_UNINITIALIZED_AUTOS = YES_AGGRESSIVE;
				GCC_WARN_UNUSED_FUNCTION = YES;
				GCC_WARN_UNUSED_VARIABLE = YES;
				IPHONEOS_DEPLOYMENT_TARGET = 16.0;
				MTL_ENABLE_DEBUG_INFO = INCLUDE_SOURCE;
				MTL_FAST_MATH = YES;
				ONLY_ACTIVE_ARCH = YES;
				SDKROOT = iphoneos;
				SWIFT_ACTIVE_COMPILATION_CONDITIONS = DEBUG;
				SWIFT_OPTIMIZATION_LEVEL = "-Onone";
			};
			name = Debug;
		};
		FED298B32A63C8A300551123 /* Release */ = {
			isa = XCBuildConfiguration;
			buildSettings = {
				ALWAYS_SEARCH_USER_PATHS = NO;
				CLANG_ANALYZER_NONNULL = YES;
				CLANG_ANALYZER_NUMBER_OBJECT_CONVERSION = YES_AGGRESSIVE;
				CLANG_CXX_LANGUAGE_STANDARD = "gnu++20";
				CLANG_ENABLE_MODULES = YES;
				CLANG_ENABLE_OBJC_ARC = YES;
				CLANG_ENABLE_OBJC_WEAK = YES;
				CLANG_WARN_BLOCK_CAPTURE_AUTORELEASING = YES;
				CLANG_WARN_BOOL_CONVERSION = YES;
				CLANG_WARN_COMMA = YES;
				CLANG_WARN_CONSTANT_CONVERSION = YES;
				CLANG_WARN_DEPRECATED_OBJC_IMPLEMENTATIONS = YES;
				CLANG_WARN_DIRECT_OBJC_ISA_USAGE = YES_ERROR;
				CLANG_WARN_DOCUMENTATION_COMMENTS = YES;
				CLANG_WARN_EMPTY_BODY = YES;
				CLANG_WARN_ENUM_CONVERSION = YES;
				CLANG_WARN_INFINITE_RECURSION = YES;
				CLANG_WARN_INT_CONVERSION = YES;
				CLANG_WARN_NON_LITERAL_NULL_CONVERSION = YES;
				CLANG_WARN_OBJC_IMPLICIT_RETAIN_SELF = YES;
				CLANG_WARN_OBJC_LITERAL_CONVERSION = YES;
				CLANG_WARN_OBJC_ROOT_CLASS = YES_ERROR;
				CLANG_WARN_QUOTED_INCLUDE_IN_FRAMEWORK_HEADER = YES;
				CLANG_WARN_RANGE_LOOP_ANALYSIS = YES;
				CLANG_WARN_STRICT_PROTOTYPES = YES;
				CLANG_WARN_SUSPICIOUS_MOVE = YES;
				CLANG_WARN_UNGUARDED_AVAILABILITY = YES_AGGRESSIVE;
				CLANG_WARN_UNREACHABLE_CODE = YES;
				CLANG_WARN__DUPLICATE_METHOD_MATCH = YES;
				COPY_PHASE_STRIP = NO;
				DEBUG_INFORMATION_FORMAT = "dwarf-with-dsym";
				ENABLE_NS_ASSERTIONS = NO;
				ENABLE_STRICT_OBJC_MSGSEND = YES;
				GCC_C_LANGUAGE_STANDARD = gnu11;
				GCC_NO_COMMON_BLOCKS = YES;
				GCC_WARN_64_TO_32_BIT_CONVERSION = YES;
				GCC_WARN_ABOUT_RETURN_TYPE = YES_ERROR;
				GCC_WARN_UNDECLARED_SELECTOR = YES;
				GCC_WARN_UNINITIALIZED_AUTOS = YES_AGGRESSIVE;
				GCC_WARN_UNUSED_FUNCTION = YES;
				GCC_WARN_UNUSED_VARIABLE = YES;
				IPHONEOS_DEPLOYMENT_TARGET = 16.0;
				MTL_ENABLE_DEBUG_INFO = NO;
				MTL_FAST_MATH = YES;
				SDKROOT = iphoneos;
				SWIFT_COMPILATION_MODE = wholemodule;
				SWIFT_OPTIMIZATION_LEVEL = "-O";
				VALIDATE_PRODUCT = YES;
			};
			name = Release;
		};
		FED298B52A63C8A300551123 /* Debug */ = {
			isa = XCBuildConfiguration;
			buildSettings = {
				ASSETCATALOG_COMPILER_APPICON_NAME = AppIcon;
				ASSETCATALOG_COMPILER_GLOBAL_ACCENT_COLOR_NAME = AccentColor;
				CODE_SIGN_IDENTITY = "Apple Development";
				CODE_SIGN_STYLE = Automatic;
				CURRENT_PROJECT_VERSION = 1;
				DEVELOPMENT_TEAM = F6JM347KR9;
				GENERATE_INFOPLIST_FILE = YES;
				INFOPLIST_FILE = MyLocations/Info.plist;
				INFOPLIST_KEY_CFBundleDisplayName = "";
				INFOPLIST_KEY_NSCameraUsageDescription = "Add photos to your locations.";
				INFOPLIST_KEY_NSLocationWhenInUseUsageDescription = "This app lets you keep track of interesting places. It needs access to the GPS coordinates for your location";
				INFOPLIST_KEY_NSPhotoLibraryUsageDescription = "Add photos to your locations.";
				INFOPLIST_KEY_UIApplicationSupportsIndirectInputEvents = YES;
				INFOPLIST_KEY_UILaunchStoryboardName = LaunchScreen;
				INFOPLIST_KEY_UIMainStoryboardFile = Main;
				INFOPLIST_KEY_UIRequiredDeviceCapabilities = "location-services";
				INFOPLIST_KEY_UISupportedInterfaceOrientations = "UIInterfaceOrientationPortrait UIInterfaceOrientationPortraitUpsideDown";
				LD_RUNPATH_SEARCH_PATHS = (
					"$(inherited)",
					"@executable_path/Frameworks",
				);
				MARKETING_VERSION = 1.0;
				PRODUCT_BUNDLE_IDENTIFIER = sw.MyLocations;
				PRODUCT_NAME = "$(TARGET_NAME)";
				PROVISIONING_PROFILE_SPECIFIER = "";
				SWIFT_EMIT_LOC_STRINGS = YES;
				SWIFT_VERSION = 5.0;
				TARGETED_DEVICE_FAMILY = "1,2";
			};
			name = Debug;
		};
		FED298B62A63C8A300551123 /* Release */ = {
			isa = XCBuildConfiguration;
			buildSettings = {
				ASSETCATALOG_COMPILER_APPICON_NAME = AppIcon;
				ASSETCATALOG_COMPILER_GLOBAL_ACCENT_COLOR_NAME = AccentColor;
				CODE_SIGN_IDENTITY = "Apple Development";
				CODE_SIGN_STYLE = Automatic;
				CURRENT_PROJECT_VERSION = 1;
				DEVELOPMENT_TEAM = F6JM347KR9;
				GENERATE_INFOPLIST_FILE = YES;
				INFOPLIST_FILE = MyLocations/Info.plist;
				INFOPLIST_KEY_CFBundleDisplayName = "";
				INFOPLIST_KEY_NSCameraUsageDescription = "Add photos to your locations.";
				INFOPLIST_KEY_NSLocationWhenInUseUsageDescription = "This app lets you keep track of interesting places. It needs access to the GPS coordinates for your location";
				INFOPLIST_KEY_NSPhotoLibraryUsageDescription = "Add photos to your locations.";
				INFOPLIST_KEY_UIApplicationSupportsIndirectInputEvents = YES;
				INFOPLIST_KEY_UILaunchStoryboardName = LaunchScreen;
				INFOPLIST_KEY_UIMainStoryboardFile = Main;
				INFOPLIST_KEY_UIRequiredDeviceCapabilities = "location-services";
				INFOPLIST_KEY_UISupportedInterfaceOrientations = "UIInterfaceOrientationPortrait UIInterfaceOrientationPortraitUpsideDown";
				LD_RUNPATH_SEARCH_PATHS = (
					"$(inherited)",
					"@executable_path/Frameworks",
				);
				MARKETING_VERSION = 1.0;
				PRODUCT_BUNDLE_IDENTIFIER = sw.MyLocations;
				PRODUCT_NAME = "$(TARGET_NAME)";
				PROVISIONING_PROFILE_SPECIFIER = "";
				SWIFT_EMIT_LOC_STRINGS = YES;
				SWIFT_VERSION = 5.0;
				TARGETED_DEVICE_FAMILY = "1,2";
			};
			name = Release;
		};
/* End XCBuildConfiguration section */

/* Begin XCConfigurationList section */
		FED298982A63C8A200551123 /* Build configuration list for PBXProject "MyLocations" */ = {
			isa = XCConfigurationList;
			buildConfigurations = (
				FED298B22A63C8A300551123 /* Debug */,
				FED298B32A63C8A300551123 /* Release */,
			);
			defaultConfigurationIsVisible = 0;
			defaultConfigurationName = Release;
		};
		FED298B42A63C8A300551123 /* Build configuration list for PBXNativeTarget "MyLocations" */ = {
			isa = XCConfigurationList;
			buildConfigurations = (
				FED298B52A63C8A300551123 /* Debug */,
				FED298B62A63C8A300551123 /* Release */,
			);
			defaultConfigurationIsVisible = 0;
			defaultConfigurationName = Release;
		};
/* End XCConfigurationList section */

/* Begin XCVersionGroup section */
		FED298A92A63C8A200551123 /* MyLocations.xcdatamodeld */ = {
			isa = XCVersionGroup;
			children = (
				FED298AA2A63C8A200551123 /* MyLocations.xcdatamodel */,
			);
			currentVersion = FED298AA2A63C8A200551123 /* MyLocations.xcdatamodel */;
			path = MyLocations.xcdatamodeld;
			sourceTree = "<group>";
			versionGroupType = wrapper.xcdatamodel;
		};
/* End XCVersionGroup section */
	};
	rootObject = FED298952A63C8A200551123 /* Project object */;
}
